
Microsoft Visual Studio Solution File, Format Version 12.00
# Visual Studio Version 17
VisualStudioVersion = 17.6.33801.468
MinimumVisualStudioVersion = 10.0.40219.1
Project("{FAE04EC0-301F-11D3-BF4B-00C04F79EFBC}") = "MyCalcV1PFA12", "MyCalcV1PFA12.csproj", "{C407DC90-E9B9-4089-80CB-AD1078E2E6C5}"
EndProject
Project("{FAE04EC0-301F-11D3-BF4B-00C04F79EFBC}") = "calculv1pfa13", "..\calculv1pfa13\calculv1pfa13.csproj", "{4D45072F-07E8-46D6-89CD-440F0722E978}"
EndProject
Global
	GlobalSection(SolutionConfigurationPlatforms) = preSolution
		Debug|Any CPU = Debug|Any CPU
		Release|Any CPU = Release|Any CPU
	EndGlobalSection
	GlobalSection(ProjectConfigurationPlatforms) = postSolution
		{C407DC90-E9B9-4089-80CB-AD1078E2E6C5}.Debug|Any CPU.ActiveCfg = Debug|Any CPU
		{C407DC90-E9B9-4089-80CB-AD1078E2E6C5}.Debug|Any CPU.Build.0 = Debug|Any CPU
		{C407DC90-E9B9-4089-80CB-AD1078E2E6C5}.Release|Any CPU.ActiveCfg = Release|Any CPU
		{C407DC90-E9B9-4089-80CB-AD1078E2E6C5}.Release|Any CPU.Build.0 = Release|Any CPU
		{4D45072F-07E8-46D6-89CD-440F0722E978}.Debug|Any CPU.ActiveCfg = Debug|Any CPU
		{4D45072F-07E8-46D6-89CD-440F0722E978}.Debug|Any CPU.Build.0 = Debug|Any CPU
		{4D45072F-07E8-46D6-89CD-440F0722E978}.Release|Any CPU.ActiveCfg = Release|Any CPU
		{4D45072F-07E8-46D6-89CD-440F0722E978}.Release|Any CPU.Build.0 = Release|Any CPU
	EndGlobalSection
	GlobalSection(SolutionProperties) = preSolution
		HideSolutionNode = FALSE
	EndGlobalSection
	GlobalSection(ExtensibilityGlobals) = postSolution
		SolutionGuid = {0B9B1628-0584-4CB8-A354-70F23988BC4B}
	EndGlobalSection
EndGlobal
